// !$*UTF8*$!
{
	archiveVersion = 1;
	classes = {
	};
	objectVersion = 56;
	objects = {

/* Begin PBXBuildFile section */
		866F93482941FFB500BF9EE6 /* FavoriteCoinContainer.xcdatamodeld in Sources */ = {isa = PBXBuildFile; fileRef = 866F93462941FFB500BF9EE6 /* FavoriteCoinContainer.xcdatamodeld */; };
		86B3BBDA293FAB8900C47F22 /* MainView.swift in Sources */ = {isa = PBXBuildFile; fileRef = 86B3BBD9293FAB8900C47F22 /* MainView.swift */; };
		86B3BBDC293FAB8A00C47F22 /* Assets.xcassets in Resources */ = {isa = PBXBuildFile; fileRef = 86B3BBDB293FAB8A00C47F22 /* Assets.xcassets */; };
		86B3BBDF293FAB8A00C47F22 /* Preview Assets.xcassets in Resources */ = {isa = PBXBuildFile; fileRef = 86B3BBDE293FAB8A00C47F22 /* Preview Assets.xcassets */; };
		86B3BBE8293FAC4900C47F22 /* SceneDelegate.swift in Sources */ = {isa = PBXBuildFile; fileRef = 86B3BBE7293FAC4900C47F22 /* SceneDelegate.swift */; };
		86B3BBEA293FAC5000C47F22 /* AppDelegate.swift in Sources */ = {isa = PBXBuildFile; fileRef = 86B3BBE9293FAC5000C47F22 /* AppDelegate.swift */; };
		86B3BBED293FACBD00C47F22 /* NavigationTranisitionStyle.swift in Sources */ = {isa = PBXBuildFile; fileRef = 86B3BBEC293FACBD00C47F22 /* NavigationTranisitionStyle.swift */; };
		86B3BBEF293FACD600C47F22 /* Coordinator.swift in Sources */ = {isa = PBXBuildFile; fileRef = 86B3BBEE293FACD600C47F22 /* Coordinator.swift */; };
		86B3BBF1293FAD0000C47F22 /* NavigationRouter.swift in Sources */ = {isa = PBXBuildFile; fileRef = 86B3BBF0293FAD0000C47F22 /* NavigationRouter.swift */; };
		86B3BBF3293FAD1A00C47F22 /* AppRouter.swift in Sources */ = {isa = PBXBuildFile; fileRef = 86B3BBF2293FAD1A00C47F22 /* AppRouter.swift */; };
		86B3BBF7293FAE7B00C47F22 /* Color.swift in Sources */ = {isa = PBXBuildFile; fileRef = 86B3BBF6293FAE7B00C47F22 /* Color.swift */; };
		86B3BBF9293FAF5200C47F22 /* Date.swift in Sources */ = {isa = PBXBuildFile; fileRef = 86B3BBF8293FAF5200C47F22 /* Date.swift */; };
		86B3BBFE293FB00C00C47F22 /* SearchBarView.swift in Sources */ = {isa = PBXBuildFile; fileRef = 86B3BBFD293FB00C00C47F22 /* SearchBarView.swift */; };
		86B3BC00293FB04800C47F22 /* UIApplication.swift in Sources */ = {isa = PBXBuildFile; fileRef = 86B3BBFF293FB04800C47F22 /* UIApplication.swift */; };
		86B3BC03293FB1A300C47F22 /* MainCoinViewModel.swift in Sources */ = {isa = PBXBuildFile; fileRef = 86B3BC02293FB1A300C47F22 /* MainCoinViewModel.swift */; };
		86B3BC06293FB37100C47F22 /* Provider.swift in Sources */ = {isa = PBXBuildFile; fileRef = 86B3BC05293FB37100C47F22 /* Provider.swift */; };
		86B3BC09293FB3E200C47F22 /* CoinsDataService.swift in Sources */ = {isa = PBXBuildFile; fileRef = 86B3BC08293FB3E200C47F22 /* CoinsDataService.swift */; };
		86B3BC0C293FB41900C47F22 /* CoinModel.swift in Sources */ = {isa = PBXBuildFile; fileRef = 86B3BC0B293FB41900C47F22 /* CoinModel.swift */; };
		86B3BC12293FC10D00C47F22 /* CoinError.swift in Sources */ = {isa = PBXBuildFile; fileRef = 86B3BC11293FC10D00C47F22 /* CoinError.swift */; };
		86B3BC14293FC12900C47F22 /* Error.swift in Sources */ = {isa = PBXBuildFile; fileRef = 86B3BC13293FC12900C47F22 /* Error.swift */; };
		86B3BC16293FC15300C47F22 /* ErrorUtility.swift in Sources */ = {isa = PBXBuildFile; fileRef = 86B3BC15293FC15300C47F22 /* ErrorUtility.swift */; };
		86B3BC18293FC16600C47F22 /* NsError.swift in Sources */ = {isa = PBXBuildFile; fileRef = 86B3BC17293FC16600C47F22 /* NsError.swift */; };
		86B3BC1A293FC1DA00C47F22 /* CoinRowView.swift in Sources */ = {isa = PBXBuildFile; fileRef = 86B3BC19293FC1DA00C47F22 /* CoinRowView.swift */; };
		86B3BC1C293FC21600C47F22 /* PreviewProvider.swift in Sources */ = {isa = PBXBuildFile; fileRef = 86B3BC1B293FC21600C47F22 /* PreviewProvider.swift */; };
		86B3BC1E293FC29400C47F22 /* Double.swift in Sources */ = {isa = PBXBuildFile; fileRef = 86B3BC1D293FC29400C47F22 /* Double.swift */; };
		86B3BC20293FC66C00C47F22 /* ListChartView.swift in Sources */ = {isa = PBXBuildFile; fileRef = 86B3BC1F293FC66C00C47F22 /* ListChartView.swift */; };
		86B3BC24293FD16A00C47F22 /* DetailCoinView.swift in Sources */ = {isa = PBXBuildFile; fileRef = 86B3BC23293FD16A00C47F22 /* DetailCoinView.swift */; };
		86B3BC26293FD17700C47F22 /* DetailCoinViewModel.swift in Sources */ = {isa = PBXBuildFile; fileRef = 86B3BC25293FD17700C47F22 /* DetailCoinViewModel.swift */; };
		86B3BC2829409CBC00C47F22 /* CoinDetailModel.swift in Sources */ = {isa = PBXBuildFile; fileRef = 86B3BC2729409CBC00C47F22 /* CoinDetailModel.swift */; };
		86B3BC2A29409CDE00C47F22 /* String.swift in Sources */ = {isa = PBXBuildFile; fileRef = 86B3BC2929409CDE00C47F22 /* String.swift */; };
		86B3BC332940AF4100C47F22 /* ImageView.swift in Sources */ = {isa = PBXBuildFile; fileRef = 86B3BC322940AF4100C47F22 /* ImageView.swift */; };
		86B3BC4A2940BECB00C47F22 /* CoinDetailDataService.swift in Sources */ = {isa = PBXBuildFile; fileRef = 86B3BC492940BECB00C47F22 /* CoinDetailDataService.swift */; };
		86CFDAE3294A696E0088EF64 /* CoinImageService.swift in Sources */ = {isa = PBXBuildFile; fileRef = 86CFDAE2294A696E0088EF64 /* CoinImageService.swift */; };
		86CFDAE8294A6A070088EF64 /* LocalFileManager.swift in Sources */ = {isa = PBXBuildFile; fileRef = 86CFDAE7294A6A070088EF64 /* LocalFileManager.swift */; };
		86CFDAEA294A6DE40088EF64 /* ImageViewModel.swift in Sources */ = {isa = PBXBuildFile; fileRef = 86CFDAE9294A6DE40088EF64 /* ImageViewModel.swift */; };
		86CFDAEF294A7BEC0088EF64 /* ImageProvider.swift in Sources */ = {isa = PBXBuildFile; fileRef = 86CFDAEE294A7BEC0088EF64 /* ImageProvider.swift */; };
		86CFDAF1294A7CE90088EF64 /* CacheManager.swift in Sources */ = {isa = PBXBuildFile; fileRef = 86CFDAF0294A7CE90088EF64 /* CacheManager.swift */; };
		86CFDB1C294A91BA0088EF64 /* Kingfisher in Frameworks */ = {isa = PBXBuildFile; productRef = 86CFDB1B294A91BA0088EF64 /* Kingfisher */; };
		86CFDB3F294B797F0088EF64 /* CoinRouter.swift in Sources */ = {isa = PBXBuildFile; fileRef = 86CFDB3E294B797F0088EF64 /* CoinRouter.swift */; };
		86CFDB42294B7C570088EF64 /* Alamofire in Frameworks */ = {isa = PBXBuildFile; productRef = 86CFDB41294B7C570088EF64 /* Alamofire */; };
		86DC95762940D2D700EBA681 /* DetailChartView.swift in Sources */ = {isa = PBXBuildFile; fileRef = 86DC95752940D2D700EBA681 /* DetailChartView.swift */; };
		86DC957B29412EAE00EBA681 /* UIApplicaion.swift in Sources */ = {isa = PBXBuildFile; fileRef = 86DC957A29412EAE00EBA681 /* UIApplicaion.swift */; };
		86DC95822941D99300EBA681 /* FavoriteCoinDataService.swift in Sources */ = {isa = PBXBuildFile; fileRef = 86DC95812941D99300EBA681 /* FavoriteCoinDataService.swift */; };
/* End PBXBuildFile section */

/* Begin PBXFileReference section */
		866F93472941FFB500BF9EE6 /* FavoriteCoin.xcdatamodel */ = {isa = PBXFileReference; lastKnownFileType = wrapper.xcdatamodel; path = FavoriteCoin.xcdatamodel; sourceTree = "<group>"; };
		86B3BBD4293FAB8900C47F22 /* CoinProject.app */ = {isa = PBXFileReference; explicitFileType = wrapper.application; includeInIndex = 0; path = CoinProject.app; sourceTree = BUILT_PRODUCTS_DIR; };
		86B3BBD9293FAB8900C47F22 /* MainView.swift */ = {isa = PBXFileReference; lastKnownFileType = sourcecode.swift; path = MainView.swift; sourceTree = "<group>"; };
		86B3BBDB293FAB8A00C47F22 /* Assets.xcassets */ = {isa = PBXFileReference; lastKnownFileType = folder.assetcatalog; path = Assets.xcassets; sourceTree = "<group>"; };
		86B3BBDE293FAB8A00C47F22 /* Preview Assets.xcassets */ = {isa = PBXFileReference; lastKnownFileType = folder.assetcatalog; path = "Preview Assets.xcassets"; sourceTree = "<group>"; };
		86B3BBE7293FAC4900C47F22 /* SceneDelegate.swift */ = {isa = PBXFileReference; lastKnownFileType = sourcecode.swift; path = SceneDelegate.swift; sourceTree = "<group>"; };
		86B3BBE9293FAC5000C47F22 /* AppDelegate.swift */ = {isa = PBXFileReference; lastKnownFileType = sourcecode.swift; path = AppDelegate.swift; sourceTree = "<group>"; };
		86B3BBEC293FACBD00C47F22 /* NavigationTranisitionStyle.swift */ = {isa = PBXFileReference; lastKnownFileType = sourcecode.swift; path = NavigationTranisitionStyle.swift; sourceTree = "<group>"; };
		86B3BBEE293FACD600C47F22 /* Coordinator.swift */ = {isa = PBXFileReference; lastKnownFileType = sourcecode.swift; path = Coordinator.swift; sourceTree = "<group>"; };
		86B3BBF0293FAD0000C47F22 /* NavigationRouter.swift */ = {isa = PBXFileReference; lastKnownFileType = sourcecode.swift; path = NavigationRouter.swift; sourceTree = "<group>"; };
		86B3BBF2293FAD1A00C47F22 /* AppRouter.swift */ = {isa = PBXFileReference; lastKnownFileType = sourcecode.swift; path = AppRouter.swift; sourceTree = "<group>"; };
		86B3BBF6293FAE7B00C47F22 /* Color.swift */ = {isa = PBXFileReference; lastKnownFileType = sourcecode.swift; path = Color.swift; sourceTree = "<group>"; };
		86B3BBF8293FAF5200C47F22 /* Date.swift */ = {isa = PBXFileReference; lastKnownFileType = sourcecode.swift; path = Date.swift; sourceTree = "<group>"; };
		86B3BBFD293FB00C00C47F22 /* SearchBarView.swift */ = {isa = PBXFileReference; lastKnownFileType = sourcecode.swift; path = SearchBarView.swift; sourceTree = "<group>"; };
		86B3BBFF293FB04800C47F22 /* UIApplication.swift */ = {isa = PBXFileReference; lastKnownFileType = sourcecode.swift; path = UIApplication.swift; sourceTree = "<group>"; };
		86B3BC02293FB1A300C47F22 /* MainCoinViewModel.swift */ = {isa = PBXFileReference; lastKnownFileType = sourcecode.swift; path = MainCoinViewModel.swift; sourceTree = "<group>"; };
		86B3BC05293FB37100C47F22 /* Provider.swift */ = {isa = PBXFileReference; lastKnownFileType = sourcecode.swift; path = Provider.swift; sourceTree = "<group>"; };
		86B3BC08293FB3E200C47F22 /* CoinsDataService.swift */ = {isa = PBXFileReference; lastKnownFileType = sourcecode.swift; path = CoinsDataService.swift; sourceTree = "<group>"; };
		86B3BC0B293FB41900C47F22 /* CoinModel.swift */ = {isa = PBXFileReference; lastKnownFileType = sourcecode.swift; path = CoinModel.swift; sourceTree = "<group>"; };
		86B3BC11293FC10D00C47F22 /* CoinError.swift */ = {isa = PBXFileReference; lastKnownFileType = sourcecode.swift; path = CoinError.swift; sourceTree = "<group>"; };
		86B3BC13293FC12900C47F22 /* Error.swift */ = {isa = PBXFileReference; lastKnownFileType = sourcecode.swift; path = Error.swift; sourceTree = "<group>"; };
		86B3BC15293FC15300C47F22 /* ErrorUtility.swift */ = {isa = PBXFileReference; lastKnownFileType = sourcecode.swift; path = ErrorUtility.swift; sourceTree = "<group>"; };
		86B3BC17293FC16600C47F22 /* NsError.swift */ = {isa = PBXFileReference; lastKnownFileType = sourcecode.swift; path = NsError.swift; sourceTree = "<group>"; };
		86B3BC19293FC1DA00C47F22 /* CoinRowView.swift */ = {isa = PBXFileReference; lastKnownFileType = sourcecode.swift; path = CoinRowView.swift; sourceTree = "<group>"; };
		86B3BC1B293FC21600C47F22 /* PreviewProvider.swift */ = {isa = PBXFileReference; lastKnownFileType = sourcecode.swift; path = PreviewProvider.swift; sourceTree = "<group>"; };
		86B3BC1D293FC29400C47F22 /* Double.swift */ = {isa = PBXFileReference; lastKnownFileType = sourcecode.swift; path = Double.swift; sourceTree = "<group>"; };
		86B3BC1F293FC66C00C47F22 /* ListChartView.swift */ = {isa = PBXFileReference; lastKnownFileType = sourcecode.swift; path = ListChartView.swift; sourceTree = "<group>"; };
		86B3BC23293FD16A00C47F22 /* DetailCoinView.swift */ = {isa = PBXFileReference; lastKnownFileType = sourcecode.swift; path = DetailCoinView.swift; sourceTree = "<group>"; };
		86B3BC25293FD17700C47F22 /* DetailCoinViewModel.swift */ = {isa = PBXFileReference; lastKnownFileType = sourcecode.swift; path = DetailCoinViewModel.swift; sourceTree = "<group>"; };
		86B3BC2729409CBC00C47F22 /* CoinDetailModel.swift */ = {isa = PBXFileReference; lastKnownFileType = sourcecode.swift; path = CoinDetailModel.swift; sourceTree = "<group>"; };
		86B3BC2929409CDE00C47F22 /* String.swift */ = {isa = PBXFileReference; lastKnownFileType = sourcecode.swift; path = String.swift; sourceTree = "<group>"; };
		86B3BC322940AF4100C47F22 /* ImageView.swift */ = {isa = PBXFileReference; lastKnownFileType = sourcecode.swift; path = ImageView.swift; sourceTree = "<group>"; };
		86B3BC492940BECB00C47F22 /* CoinDetailDataService.swift */ = {isa = PBXFileReference; lastKnownFileType = sourcecode.swift; path = CoinDetailDataService.swift; sourceTree = "<group>"; };
		86CFDAE2294A696E0088EF64 /* CoinImageService.swift */ = {isa = PBXFileReference; lastKnownFileType = sourcecode.swift; path = CoinImageService.swift; sourceTree = "<group>"; };
		86CFDAE7294A6A070088EF64 /* LocalFileManager.swift */ = {isa = PBXFileReference; lastKnownFileType = sourcecode.swift; path = LocalFileManager.swift; sourceTree = "<group>"; };
		86CFDAE9294A6DE40088EF64 /* ImageViewModel.swift */ = {isa = PBXFileReference; lastKnownFileType = sourcecode.swift; path = ImageViewModel.swift; sourceTree = "<group>"; };
		86CFDAEE294A7BEC0088EF64 /* ImageProvider.swift */ = {isa = PBXFileReference; lastKnownFileType = sourcecode.swift; path = ImageProvider.swift; sourceTree = "<group>"; };
		86CFDAF0294A7CE90088EF64 /* CacheManager.swift */ = {isa = PBXFileReference; lastKnownFileType = sourcecode.swift; path = CacheManager.swift; sourceTree = "<group>"; };
		86CFDB3E294B797F0088EF64 /* CoinRouter.swift */ = {isa = PBXFileReference; lastKnownFileType = sourcecode.swift; path = CoinRouter.swift; sourceTree = "<group>"; };
		86DC95752940D2D700EBA681 /* DetailChartView.swift */ = {isa = PBXFileReference; lastKnownFileType = sourcecode.swift; path = DetailChartView.swift; sourceTree = "<group>"; };
		86DC957A29412EAE00EBA681 /* UIApplicaion.swift */ = {isa = PBXFileReference; lastKnownFileType = sourcecode.swift; path = UIApplicaion.swift; sourceTree = "<group>"; };
		86DC95812941D99300EBA681 /* FavoriteCoinDataService.swift */ = {isa = PBXFileReference; lastKnownFileType = sourcecode.swift; path = FavoriteCoinDataService.swift; sourceTree = "<group>"; };
/* End PBXFileReference section */

/* Begin PBXFrameworksBuildPhase section */
		86B3BBD1293FAB8900C47F22 /* Frameworks */ = {
			isa = PBXFrameworksBuildPhase;
			buildActionMask = 2147483647;
			files = (
				86CFDB1C294A91BA0088EF64 /* Kingfisher in Frameworks */,
				86CFDB42294B7C570088EF64 /* Alamofire in Frameworks */,
			);
			runOnlyForDeploymentPostprocessing = 0;
		};
/* End PBXFrameworksBuildPhase section */

/* Begin PBXGroup section */
		86B3BBCB293FAB8900C47F22 = {
			isa = PBXGroup;
			children = (
				86B3BBD6293FAB8900C47F22 /* CoinProject */,
				86B3BBD5293FAB8900C47F22 /* Products */,
			);
			sourceTree = "<group>";
		};
		86B3BBD5293FAB8900C47F22 /* Products */ = {
			isa = PBXGroup;
			children = (
				86B3BBD4293FAB8900C47F22 /* CoinProject.app */,
			);
			name = Products;
			sourceTree = "<group>";
		};
		86B3BBD6293FAB8900C47F22 /* CoinProject */ = {
			isa = PBXGroup;
			children = (
				86B3BBEB293FACAA00C47F22 /* Coordinator */,
				86B3BBFB293FAFE000C47F22 /* ViewComponents */,
				86B3BC01293FB19300C47F22 /* View */,
				86B3BBF5293FAE6F00C47F22 /* Extension */,
				86B3BBDD293FAB8A00C47F22 /* Preview Content */,
				86B3BBF4293FAD7B00C47F22 /* Delegate */,
				86B3BBDB293FAB8A00C47F22 /* Assets.xcassets */,
			);
			path = CoinProject;
			sourceTree = "<group>";
		};
		86B3BBDD293FAB8A00C47F22 /* Preview Content */ = {
			isa = PBXGroup;
			children = (
				86B3BBDE293FAB8A00C47F22 /* Preview Assets.xcassets */,
			);
			path = "Preview Content";
			sourceTree = "<group>";
		};
		86B3BBEB293FACAA00C47F22 /* Coordinator */ = {
			isa = PBXGroup;
			children = (
				86B3BBEC293FACBD00C47F22 /* NavigationTranisitionStyle.swift */,
				86B3BBF0293FAD0000C47F22 /* NavigationRouter.swift */,
				86B3BBEE293FACD600C47F22 /* Coordinator.swift */,
				86B3BBF2293FAD1A00C47F22 /* AppRouter.swift */,
				86CFDB1D294A9A6C0088EF64 /* CacheManager */,
				86CFDAE6294A69F40088EF64 /* LocalFileManager */,
				86DC957D2941D69A00EBA681 /* CoreDataService */,
				86B3BC0A293FB40D00C47F22 /* Models */,
				86B3BC07293FB3A800C47F22 /* NetworkService */,
			);
			path = Coordinator;
			sourceTree = "<group>";
		};
		86B3BBF4293FAD7B00C47F22 /* Delegate */ = {
			isa = PBXGroup;
			children = (
				86B3BBE9293FAC5000C47F22 /* AppDelegate.swift */,
				86B3BBE7293FAC4900C47F22 /* SceneDelegate.swift */,
			);
			path = Delegate;
			sourceTree = "<group>";
		};
		86B3BBF5293FAE6F00C47F22 /* Extension */ = {
			isa = PBXGroup;
			children = (
				86B3BBF6293FAE7B00C47F22 /* Color.swift */,
				86B3BBF8293FAF5200C47F22 /* Date.swift */,
				86B3BBFF293FB04800C47F22 /* UIApplication.swift */,
				86B3BC13293FC12900C47F22 /* Error.swift */,
				86B3BC17293FC16600C47F22 /* NsError.swift */,
				86B3BC1B293FC21600C47F22 /* PreviewProvider.swift */,
				86B3BC1D293FC29400C47F22 /* Double.swift */,
				86DC957A29412EAE00EBA681 /* UIApplicaion.swift */,
				86B3BC2929409CDE00C47F22 /* String.swift */,
			);
			path = Extension;
			sourceTree = "<group>";
		};
		86B3BBFB293FAFE000C47F22 /* ViewComponents */ = {
			isa = PBXGroup;
			children = (
				86CFDAEB294A6DF70088EF64 /* ImageView */,
				86B3BBFD293FB00C00C47F22 /* SearchBarView.swift */,
				86B3BC1F293FC66C00C47F22 /* ListChartView.swift */,
				86DC95752940D2D700EBA681 /* DetailChartView.swift */,
			);
			path = ViewComponents;
			sourceTree = "<group>";
		};
		86B3BC01293FB19300C47F22 /* View */ = {
			isa = PBXGroup;
			children = (
				86B3BC22293FD15D00C47F22 /* DetailCoinView */,
				86B3BC21293FD11A00C47F22 /* Main */,
			);
			path = View;
			sourceTree = "<group>";
		};
		86B3BC04293FB36400C47F22 /* NetworkServiceHelper */ = {
			isa = PBXGroup;
			children = (
				86B3BC05293FB37100C47F22 /* Provider.swift */,
				86CFDAEE294A7BEC0088EF64 /* ImageProvider.swift */,
				86B3BC11293FC10D00C47F22 /* CoinError.swift */,
				86B3BC15293FC15300C47F22 /* ErrorUtility.swift */,
				86CFDB3E294B797F0088EF64 /* CoinRouter.swift */,
			);
			path = NetworkServiceHelper;
			sourceTree = "<group>";
		};
		86B3BC07293FB3A800C47F22 /* NetworkService */ = {
			isa = PBXGroup;
			children = (
				86CFDAE1294A695A0088EF64 /* CoinImageDataService */,
				86B3BC302940ADC400C47F22 /* CoinDetailDataService */,
				86B3BC0D293FB88000C47F22 /* CoinsDataService */,
				86B3BC04293FB36400C47F22 /* NetworkServiceHelper */,
			);
			path = NetworkService;
			sourceTree = "<group>";
		};
		86B3BC0A293FB40D00C47F22 /* Models */ = {
			isa = PBXGroup;
			children = (
				86B3BC0B293FB41900C47F22 /* CoinModel.swift */,
				86B3BC2729409CBC00C47F22 /* CoinDetailModel.swift */,
			);
			path = Models;
			sourceTree = "<group>";
		};
		86B3BC0D293FB88000C47F22 /* CoinsDataService */ = {
			isa = PBXGroup;
			children = (
				86B3BC08293FB3E200C47F22 /* CoinsDataService.swift */,
			);
			path = CoinsDataService;
			sourceTree = "<group>";
		};
		86B3BC21293FD11A00C47F22 /* Main */ = {
			isa = PBXGroup;
			children = (
				86B3BBD9293FAB8900C47F22 /* MainView.swift */,
				86B3BC19293FC1DA00C47F22 /* CoinRowView.swift */,
				86B3BC02293FB1A300C47F22 /* MainCoinViewModel.swift */,
			);
			path = Main;
			sourceTree = "<group>";
		};
		86B3BC22293FD15D00C47F22 /* DetailCoinView */ = {
			isa = PBXGroup;
			children = (
				86B3BC23293FD16A00C47F22 /* DetailCoinView.swift */,
				86B3BC25293FD17700C47F22 /* DetailCoinViewModel.swift */,
			);
			path = DetailCoinView;
			sourceTree = "<group>";
		};
		86B3BC302940ADC400C47F22 /* CoinDetailDataService */ = {
			isa = PBXGroup;
			children = (
				86B3BC492940BECB00C47F22 /* CoinDetailDataService.swift */,
			);
			path = CoinDetailDataService;
			sourceTree = "<group>";
		};
		86CFDAE1294A695A0088EF64 /* CoinImageDataService */ = {
			isa = PBXGroup;
			children = (
				86CFDAE2294A696E0088EF64 /* CoinImageService.swift */,
			);
			path = CoinImageDataService;
			sourceTree = "<group>";
		};
		86CFDAE6294A69F40088EF64 /* LocalFileManager */ = {
			isa = PBXGroup;
			children = (
				86CFDAE7294A6A070088EF64 /* LocalFileManager.swift */,
			);
			path = LocalFileManager;
			sourceTree = "<group>";
		};
		86CFDAEB294A6DF70088EF64 /* ImageView */ = {
			isa = PBXGroup;
			children = (
				86B3BC322940AF4100C47F22 /* ImageView.swift */,
				86CFDAE9294A6DE40088EF64 /* ImageViewModel.swift */,
			);
			path = ImageView;
			sourceTree = "<group>";
		};
		86CFDB1D294A9A6C0088EF64 /* CacheManager */ = {
			isa = PBXGroup;
			children = (
				86CFDAF0294A7CE90088EF64 /* CacheManager.swift */,
			);
			path = CacheManager;
			sourceTree = "<group>";
		};
		86DC957D2941D69A00EBA681 /* CoreDataService */ = {
			isa = PBXGroup;
			children = (
				86DC95812941D99300EBA681 /* FavoriteCoinDataService.swift */,
				866F93462941FFB500BF9EE6 /* FavoriteCoinContainer.xcdatamodeld */,
			);
			path = CoreDataService;
			sourceTree = "<group>";
		};
/* End PBXGroup section */

/* Begin PBXNativeTarget section */
		86B3BBD3293FAB8900C47F22 /* CoinProject */ = {
			isa = PBXNativeTarget;
			buildConfigurationList = 86B3BBE2293FAB8A00C47F22 /* Build configuration list for PBXNativeTarget "CoinProject" */;
			buildPhases = (
				86B3BBD0293FAB8900C47F22 /* Sources */,
				86B3BBD1293FAB8900C47F22 /* Frameworks */,
				86B3BBD2293FAB8900C47F22 /* Resources */,
			);
			buildRules = (
			);
			dependencies = (
			);
			name = CoinProject;
			packageProductDependencies = (
				86CFDB1B294A91BA0088EF64 /* Kingfisher */,
				86CFDB41294B7C570088EF64 /* Alamofire */,
			);
			productName = CoinProject;
			productReference = 86B3BBD4293FAB8900C47F22 /* CoinProject.app */;
			productType = "com.apple.product-type.application";
		};
/* End PBXNativeTarget section */

/* Begin PBXProject section */
		86B3BBCC293FAB8900C47F22 /* Project object */ = {
			isa = PBXProject;
			attributes = {
				BuildIndependentTargetsInParallel = 1;
				LastSwiftUpdateCheck = 1410;
				LastUpgradeCheck = 1410;
				TargetAttributes = {
					86B3BBD3293FAB8900C47F22 = {
						CreatedOnToolsVersion = 14.1;
					};
				};
			};
			buildConfigurationList = 86B3BBCF293FAB8900C47F22 /* Build configuration list for PBXProject "CoinProject" */;
			compatibilityVersion = "Xcode 14.0";
			developmentRegion = en;
			hasScannedForEncodings = 0;
			knownRegions = (
				en,
				Base,
			);
			mainGroup = 86B3BBCB293FAB8900C47F22;
			packageReferences = (
				86CFDB1A294A91BA0088EF64 /* XCRemoteSwiftPackageReference "Kingfisher" */,
				86CFDB40294B7C570088EF64 /* XCRemoteSwiftPackageReference "Alamofire" */,
			);
			productRefGroup = 86B3BBD5293FAB8900C47F22 /* Products */;
			projectDirPath = "";
			projectRoot = "";
			targets = (
				86B3BBD3293FAB8900C47F22 /* CoinProject */,
			);
		};
/* End PBXProject section */

/* Begin PBXResourcesBuildPhase section */
		86B3BBD2293FAB8900C47F22 /* Resources */ = {
			isa = PBXResourcesBuildPhase;
			buildActionMask = 2147483647;
			files = (
				86B3BBDF293FAB8A00C47F22 /* Preview Assets.xcassets in Resources */,
				86B3BBDC293FAB8A00C47F22 /* Assets.xcassets in Resources */,
			);
			runOnlyForDeploymentPostprocessing = 0;
		};
/* End PBXResourcesBuildPhase section */

/* Begin PBXSourcesBuildPhase section */
		86B3BBD0293FAB8900C47F22 /* Sources */ = {
			isa = PBXSourcesBuildPhase;
			buildActionMask = 2147483647;
			files = (
				86B3BC0C293FB41900C47F22 /* CoinModel.swift in Sources */,
				86B3BBFE293FB00C00C47F22 /* SearchBarView.swift in Sources */,
				86B3BBEA293FAC5000C47F22 /* AppDelegate.swift in Sources */,
				86B3BC24293FD16A00C47F22 /* DetailCoinView.swift in Sources */,
				86DC95822941D99300EBA681 /* FavoriteCoinDataService.swift in Sources */,
				86B3BC332940AF4100C47F22 /* ImageView.swift in Sources */,
				86B3BC18293FC16600C47F22 /* NsError.swift in Sources */,
				86B3BC09293FB3E200C47F22 /* CoinsDataService.swift in Sources */,
				86B3BBF1293FAD0000C47F22 /* NavigationRouter.swift in Sources */,
				86B3BC00293FB04800C47F22 /* UIApplication.swift in Sources */,
				86B3BC12293FC10D00C47F22 /* CoinError.swift in Sources */,
				86B3BC4A2940BECB00C47F22 /* CoinDetailDataService.swift in Sources */,
				86B3BC03293FB1A300C47F22 /* MainCoinViewModel.swift in Sources */,
				86CFDAF1294A7CE90088EF64 /* CacheManager.swift in Sources */,
				86B3BBDA293FAB8900C47F22 /* MainView.swift in Sources */,
				86B3BC1E293FC29400C47F22 /* Double.swift in Sources */,
				86B3BBEF293FACD600C47F22 /* Coordinator.swift in Sources */,
				86DC95762940D2D700EBA681 /* DetailChartView.swift in Sources */,
				86B3BC26293FD17700C47F22 /* DetailCoinViewModel.swift in Sources */,
				86B3BC1A293FC1DA00C47F22 /* CoinRowView.swift in Sources */,
				86B3BBF3293FAD1A00C47F22 /* AppRouter.swift in Sources */,
				86B3BBF7293FAE7B00C47F22 /* Color.swift in Sources */,
				86B3BC2A29409CDE00C47F22 /* String.swift in Sources */,
				86CFDAE8294A6A070088EF64 /* LocalFileManager.swift in Sources */,
				86B3BC06293FB37100C47F22 /* Provider.swift in Sources */,
				86B3BC2829409CBC00C47F22 /* CoinDetailModel.swift in Sources */,
				86B3BBED293FACBD00C47F22 /* NavigationTranisitionStyle.swift in Sources */,
				86B3BC1C293FC21600C47F22 /* PreviewProvider.swift in Sources */,
				86DC957B29412EAE00EBA681 /* UIApplicaion.swift in Sources */,
				86B3BBF9293FAF5200C47F22 /* Date.swift in Sources */,
				86CFDB3F294B797F0088EF64 /* CoinRouter.swift in Sources */,
				86B3BC14293FC12900C47F22 /* Error.swift in Sources */,
				86CFDAEA294A6DE40088EF64 /* ImageViewModel.swift in Sources */,
				86B3BBE8293FAC4900C47F22 /* SceneDelegate.swift in Sources */,
				86B3BC16293FC15300C47F22 /* ErrorUtility.swift in Sources */,
				86B3BC20293FC66C00C47F22 /* ListChartView.swift in Sources */,
				86CFDAE3294A696E0088EF64 /* CoinImageService.swift in Sources */,
				86CFDAEF294A7BEC0088EF64 /* ImageProvider.swift in Sources */,
				866F93482941FFB500BF9EE6 /* FavoriteCoinContainer.xcdatamodeld in Sources */,
			);
			runOnlyForDeploymentPostprocessing = 0;
		};
/* End PBXSourcesBuildPhase section */

/* Begin XCBuildConfiguration section */
		86B3BBE0293FAB8A00C47F22 /* Debug */ = {
			isa = XCBuildConfiguration;
			buildSettings = {
				ALWAYS_SEARCH_USER_PATHS = NO;
				CLANG_ANALYZER_NONNULL = YES;
				CLANG_ANALYZER_NUMBER_OBJECT_CONVERSION = YES_AGGRESSIVE;
				CLANG_CXX_LANGUAGE_STANDARD = "gnu++20";
				CLANG_ENABLE_MODULES = YES;
				CLANG_ENABLE_OBJC_ARC = YES;
				CLANG_ENABLE_OBJC_WEAK = YES;
				CLANG_WARN_BLOCK_CAPTURE_AUTORELEASING = YES;
				CLANG_WARN_BOOL_CONVERSION = YES;
				CLANG_WARN_COMMA = YES;
				CLANG_WARN_CONSTANT_CONVERSION = YES;
				CLANG_WARN_DEPRECATED_OBJC_IMPLEMENTATIONS = YES;
				CLANG_WARN_DIRECT_OBJC_ISA_USAGE = YES_ERROR;
				CLANG_WARN_DOCUMENTATION_COMMENTS = YES;
				CLANG_WARN_EMPTY_BODY = YES;
				CLANG_WARN_ENUM_CONVERSION = YES;
				CLANG_WARN_INFINITE_RECURSION = YES;
				CLANG_WARN_INT_CONVERSION = YES;
				CLANG_WARN_NON_LITERAL_NULL_CONVERSION = YES;
				CLANG_WARN_OBJC_IMPLICIT_RETAIN_SELF = YES;
				CLANG_WARN_OBJC_LITERAL_CONVERSION = YES;
				CLANG_WARN_OBJC_ROOT_CLASS = YES_ERROR;
				CLANG_WARN_QUOTED_INCLUDE_IN_FRAMEWORK_HEADER = YES;
				CLANG_WARN_RANGE_LOOP_ANALYSIS = YES;
				CLANG_WARN_STRICT_PROTOTYPES = YES;
				CLANG_WARN_SUSPICIOUS_MOVE = YES;
				CLANG_WARN_UNGUARDED_AVAILABILITY = YES_AGGRESSIVE;
				CLANG_WARN_UNREACHABLE_CODE = YES;
				CLANG_WARN__DUPLICATE_METHOD_MATCH = YES;
				COPY_PHASE_STRIP = NO;
				DEBUG_INFORMATION_FORMAT = dwarf;
				ENABLE_STRICT_OBJC_MSGSEND = YES;
				ENABLE_TESTABILITY = YES;
				GCC_C_LANGUAGE_STANDARD = gnu11;
				GCC_DYNAMIC_NO_PIC = NO;
				GCC_NO_COMMON_BLOCKS = YES;
				GCC_OPTIMIZATION_LEVEL = 0;
				GCC_PREPROCESSOR_DEFINITIONS = (
					"DEBUG=1",
					"$(inherited)",
				);
				GCC_WARN_64_TO_32_BIT_CONVERSION = YES;
				GCC_WARN_ABOUT_RETURN_TYPE = YES_ERROR;
				GCC_WARN_UNDECLARED_SELECTOR = YES;
				GCC_WARN_UNINITIALIZED_AUTOS = YES_AGGRESSIVE;
				GCC_WARN_UNUSED_FUNCTION = YES;
				GCC_WARN_UNUSED_VARIABLE = YES;
				IPHONEOS_DEPLOYMENT_TARGET = 16.1;
				MTL_ENABLE_DEBUG_INFO = INCLUDE_SOURCE;
				MTL_FAST_MATH = YES;
				ONLY_ACTIVE_ARCH = YES;
				SDKROOT = iphoneos;
				SWIFT_ACTIVE_COMPILATION_CONDITIONS = DEBUG;
				SWIFT_OPTIMIZATION_LEVEL = "-Onone";
			};
			name = Debug;
		};
		86B3BBE1293FAB8A00C47F22 /* Release */ = {
			isa = XCBuildConfiguration;
			buildSettings = {
				ALWAYS_SEARCH_USER_PATHS = NO;
				CLANG_ANALYZER_NONNULL = YES;
				CLANG_ANALYZER_NUMBER_OBJECT_CONVERSION = YES_AGGRESSIVE;
				CLANG_CXX_LANGUAGE_STANDARD = "gnu++20";
				CLANG_ENABLE_MODULES = YES;
				CLANG_ENABLE_OBJC_ARC = YES;
				CLANG_ENABLE_OBJC_WEAK = YES;
				CLANG_WARN_BLOCK_CAPTURE_AUTORELEASING = YES;
				CLANG_WARN_BOOL_CONVERSION = YES;
				CLANG_WARN_COMMA = YES;
				CLANG_WARN_CONSTANT_CONVERSION = YES;
				CLANG_WARN_DEPRECATED_OBJC_IMPLEMENTATIONS = YES;
				CLANG_WARN_DIRECT_OBJC_ISA_USAGE = YES_ERROR;
				CLANG_WARN_DOCUMENTATION_COMMENTS = YES;
				CLANG_WARN_EMPTY_BODY = YES;
				CLANG_WARN_ENUM_CONVERSION = YES;
				CLANG_WARN_INFINITE_RECURSION = YES;
				CLANG_WARN_INT_CONVERSION = YES;
				CLANG_WARN_NON_LITERAL_NULL_CONVERSION = YES;
				CLANG_WARN_OBJC_IMPLICIT_RETAIN_SELF = YES;
				CLANG_WARN_OBJC_LITERAL_CONVERSION = YES;
				CLANG_WARN_OBJC_ROOT_CLASS = YES_ERROR;
				CLANG_WARN_QUOTED_INCLUDE_IN_FRAMEWORK_HEADER = YES;
				CLANG_WARN_RANGE_LOOP_ANALYSIS = YES;
				CLANG_WARN_STRICT_PROTOTYPES = YES;
				CLANG_WARN_SUSPICIOUS_MOVE = YES;
				CLANG_WARN_UNGUARDED_AVAILABILITY = YES_AGGRESSIVE;
				CLANG_WARN_UNREACHABLE_CODE = YES;
				CLANG_WARN__DUPLICATE_METHOD_MATCH = YES;
				COPY_PHASE_STRIP = NO;
				DEBUG_INFORMATION_FORMAT = "dwarf-with-dsym";
				ENABLE_NS_ASSERTIONS = NO;
				ENABLE_STRICT_OBJC_MSGSEND = YES;
				GCC_C_LANGUAGE_STANDARD = gnu11;
				GCC_NO_COMMON_BLOCKS = YES;
				GCC_WARN_64_TO_32_BIT_CONVERSION = YES;
				GCC_WARN_ABOUT_RETURN_TYPE = YES_ERROR;
				GCC_WARN_UNDECLARED_SELECTOR = YES;
				GCC_WARN_UNINITIALIZED_AUTOS = YES_AGGRESSIVE;
				GCC_WARN_UNUSED_FUNCTION = YES;
				GCC_WARN_UNUSED_VARIABLE = YES;
				IPHONEOS_DEPLOYMENT_TARGET = 16.1;
				MTL_ENABLE_DEBUG_INFO = NO;
				MTL_FAST_MATH = YES;
				SDKROOT = iphoneos;
				SWIFT_COMPILATION_MODE = wholemodule;
				SWIFT_OPTIMIZATION_LEVEL = "-O";
				VALIDATE_PRODUCT = YES;
			};
			name = Release;
		};
		86B3BBE3293FAB8A00C47F22 /* Debug */ = {
			isa = XCBuildConfiguration;
			buildSettings = {
				ASSETCATALOG_COMPILER_APPICON_NAME = AppIcon;
				ASSETCATALOG_COMPILER_GLOBAL_ACCENT_COLOR_NAME = AccentColor;
				CODE_SIGN_STYLE = Automatic;
				CURRENT_PROJECT_VERSION = 1;
				DEVELOPMENT_ASSET_PATHS = "\"CoinProject/Preview Content\"";
				DEVELOPMENT_TEAM = YB5KQCLMY6;
				ENABLE_PREVIEWS = YES;
				GENERATE_INFOPLIST_FILE = YES;
				INFOPLIST_KEY_UIApplicationSceneManifest_Generation = YES;
				INFOPLIST_KEY_UIApplicationSupportsIndirectInputEvents = YES;
				INFOPLIST_KEY_UILaunchScreen_Generation = YES;
				INFOPLIST_KEY_UISupportedInterfaceOrientations_iPad = "UIInterfaceOrientationPortrait UIInterfaceOrientationPortraitUpsideDown UIInterfaceOrientationLandscapeLeft UIInterfaceOrientationLandscapeRight";
				INFOPLIST_KEY_UISupportedInterfaceOrientations_iPhone = "UIInterfaceOrientationPortrait UIInterfaceOrientationLandscapeLeft UIInterfaceOrientationLandscapeRight";
				LD_RUNPATH_SEARCH_PATHS = (
					"$(inherited)",
					"@executable_path/Frameworks",
				);
				MARKETING_VERSION = 1.0;
				PRODUCT_BUNDLE_IDENTIFIER = joohan.CoinProject;
				PRODUCT_NAME = "$(TARGET_NAME)";
				SWIFT_EMIT_LOC_STRINGS = YES;
				SWIFT_VERSION = 5.0;
				TARGETED_DEVICE_FAMILY = "1,2";
			};
			name = Debug;
		};
		86B3BBE4293FAB8A00C47F22 /* Release */ = {
			isa = XCBuildConfiguration;
			buildSettings = {
				ASSETCATALOG_COMPILER_APPICON_NAME = AppIcon;
				ASSETCATALOG_COMPILER_GLOBAL_ACCENT_COLOR_NAME = AccentColor;
				CODE_SIGN_STYLE = Automatic;
				CURRENT_PROJECT_VERSION = 1;
				DEVELOPMENT_ASSET_PATHS = "\"CoinProject/Preview Content\"";
				DEVELOPMENT_TEAM = YB5KQCLMY6;
				ENABLE_PREVIEWS = YES;
				GENERATE_INFOPLIST_FILE = YES;
				INFOPLIST_KEY_UIApplicationSceneManifest_Generation = YES;
				INFOPLIST_KEY_UIApplicationSupportsIndirectInputEvents = YES;
				INFOPLIST_KEY_UILaunchScreen_Generation = YES;
				INFOPLIST_KEY_UISupportedInterfaceOrientations_iPad = "UIInterfaceOrientationPortrait UIInterfaceOrientationPortraitUpsideDown UIInterfaceOrientationLandscapeLeft UIInterfaceOrientationLandscapeRight";
				INFOPLIST_KEY_UISupportedInterfaceOrientations_iPhone = "UIInterfaceOrientationPortrait UIInterfaceOrientationLandscapeLeft UIInterfaceOrientationLandscapeRight";
				LD_RUNPATH_SEARCH_PATHS = (
					"$(inherited)",
					"@executable_path/Frameworks",
				);
				MARKETING_VERSION = 1.0;
				PRODUCT_BUNDLE_IDENTIFIER = joohan.CoinProject;
				PRODUCT_NAME = "$(TARGET_NAME)";
				SWIFT_EMIT_LOC_STRINGS = YES;
				SWIFT_VERSION = 5.0;
				TARGETED_DEVICE_FAMILY = "1,2";
			};
			name = Release;
		};
/* End XCBuildConfiguration section */

/* Begin XCConfigurationList section */
		86B3BBCF293FAB8900C47F22 /* Build configuration list for PBXProject "CoinProject" */ = {
			isa = XCConfigurationList;
			buildConfigurations = (
				86B3BBE0293FAB8A00C47F22 /* Debug */,
				86B3BBE1293FAB8A00C47F22 /* Release */,
			);
			defaultConfigurationIsVisible = 0;
			defaultConfigurationName = Release;
		};
		86B3BBE2293FAB8A00C47F22 /* Build configuration list for PBXNativeTarget "CoinProject" */ = {
			isa = XCConfigurationList;
			buildConfigurations = (
				86B3BBE3293FAB8A00C47F22 /* Debug */,
				86B3BBE4293FAB8A00C47F22 /* Release */,
			);
			defaultConfigurationIsVisible = 0;
			defaultConfigurationName = Release;
		};
/* End XCConfigurationList section */

/* Begin XCRemoteSwiftPackageReference section */
		86CFDB1A294A91BA0088EF64 /* XCRemoteSwiftPackageReference "Kingfisher" */ = {
			isa = XCRemoteSwiftPackageReference;
			repositoryURL = "https://github.com/onevcat/Kingfisher";
			requirement = {
				branch = master;
				kind = branch;
			};
		};
		86CFDB40294B7C570088EF64 /* XCRemoteSwiftPackageReference "Alamofire" */ = {
			isa = XCRemoteSwiftPackageReference;
			repositoryURL = "https://github.com/Alamofire/Alamofire";
			requirement = {
				branch = master;
				kind = branch;
			};
		};
/* End XCRemoteSwiftPackageReference section */

/* Begin XCSwiftPackageProductDependency section */
		86CFDB1B294A91BA0088EF64 /* Kingfisher */ = {
			isa = XCSwiftPackageProductDependency;
			package = 86CFDB1A294A91BA0088EF64 /* XCRemoteSwiftPackageReference "Kingfisher" */;
			productName = Kingfisher;
		};
		86CFDB41294B7C570088EF64 /* Alamofire */ = {
			isa = XCSwiftPackageProductDependency;
			package = 86CFDB40294B7C570088EF64 /* XCRemoteSwiftPackageReference "Alamofire" */;
			productName = Alamofire;
		};
/* End XCSwiftPackageProductDependency section */

/* Begin XCVersionGroup section */
		866F93462941FFB500BF9EE6 /* FavoriteCoinContainer.xcdatamodeld */ = {
			isa = XCVersionGroup;
			children = (
				866F93472941FFB500BF9EE6 /* FavoriteCoin.xcdatamodel */,
			);
			currentVersion = 866F93472941FFB500BF9EE6 /* FavoriteCoin.xcdatamodel */;
			path = FavoriteCoinContainer.xcdatamodeld;
			sourceTree = "<group>";
			versionGroupType = wrapper.xcdatamodel;
		};
/* End XCVersionGroup section */
	};
	rootObject = 86B3BBCC293FAB8900C47F22 /* Project object */;
}
